
Microsoft Visual Studio Solution File, Format Version 12.00
# Visual Studio Version 17
VisualStudioVersion = 17.8.34316.72
MinimumVisualStudioVersion = 10.0.40219.1
Project("{FAE04EC0-301F-11D3-BF4B-00C04F79EFBC}") = "DubizzleSystem", "DubizzleSystem\DubizzleSystem.csproj", "{BF7AC721-BF0A-41E9-800F-B6B16FAED522}"
EndProject
Global
	GlobalSection(SolutionConfigurationPlatforms) = preSolution
		Debug|Any CPU = Debug|Any CPU
		Release|Any CPU = Release|Any CPU
	EndGlobalSection
	GlobalSection(ProjectConfigurationPlatforms) = postSolution
		{BF7AC721-BF0A-41E9-800F-B6B16FAED522}.Debug|Any CPU.ActiveCfg = Debug|Any CPU
		{BF7AC721-BF0A-41E9-800F-B6B16FAED522}.Debug|Any CPU.Build.0 = Debug|Any CPU
		{BF7AC721-BF0A-41E9-800F-B6B16FAED522}.Release|Any CPU.ActiveCfg = Release|Any CPU
		{BF7AC721-BF0A-41E9-800F-B6B16FAED522}.Release|Any CPU.Build.0 = Release|Any CPU
	EndGlobalSection
	GlobalSection(SolutionProperties) = preSolution
		HideSolutionNode = FALSE
	EndGlobalSection
	GlobalSection(ExtensibilityGlobals) = postSolution
		SolutionGuid = {33768C87-000F-4126-B0FF-E19B59AB2894}
	EndGlobalSection
EndGlobal
